
Microsoft Visual Studio Solution File, Format Version 12.00
# Visual Studio 15
VisualStudioVersion = 15.0.27703.2000
MinimumVisualStudioVersion = 10.0.40219.1
Project("{FAE04EC0-301F-11D3-BF4B-00C04F79EFBC}") = "Variable Manipulation", "Variable Manipulation\Variable Manipulation.csproj", "{CDBFDA08-84E9-462A-B465-495F0A4F81DB}"
EndProject
Global
	GlobalSection(SolutionConfigurationPlatforms) = preSolution
		Debug|Any CPU = Debug|Any CPU
		Release|Any CPU = Release|Any CPU
	EndGlobalSection
	GlobalSection(ProjectConfigurationPlatforms) = postSolution
		{CDBFDA08-84E9-462A-B465-495F0A4F81DB}.Debug|Any CPU.ActiveCfg = Debug|Any CPU
		{CDBFDA08-84E9-462A-B465-495F0A4F81DB}.Debug|Any CPU.Build.0 = Debug|Any CPU
		{CDBFDA08-84E9-462A-B465-495F0A4F81DB}.Release|Any CPU.ActiveCfg = Release|Any CPU
		{CDBFDA08-84E9-462A-B465-495F0A4F81DB}.Release|Any CPU.Build.0 = Release|Any CPU
	EndGlobalSection
	GlobalSection(SolutionProperties) = preSolution
		HideSolutionNode = FALSE
	EndGlobalSection
	GlobalSection(ExtensibilityGlobals) = postSolution
		SolutionGuid = {6F149E4C-5116-4538-BBB4-94789243ECD4}
	EndGlobalSection
EndGlobal
